<?xml version="1.0" encoding="utf-8"?>
<Project ToolsVersion="4.0" xmlns="http://schemas.microsoft.com/developer/msbuild/2003">
  <ItemGroup>
    <Filter Include="Lib">
      <UniqueIdentifier>{398303c7-95bd-43ee-a578-d17ee72c0414}</UniqueIdentifier>
    </Filter>
    <Filter Include="Room">
      <UniqueIdentifier>{6c037704-bf75-4676-8e97-adba7779dfeb}</UniqueIdentifier>
    </Filter>
    <Filter Include="User">
      <UniqueIdentifier>{5ccf31c4-34fa-4c98-ad63-d52f326f2c52}</UniqueIdentifier>
    </Filter>
    <Filter Include="Packet">
      <UniqueIdentifier>{b6d08a2c-781f-4d00-a293-3e459ce491d6}</UniqueIdentifier>
    </Filter>
    <Filter Include="Global">
      <UniqueIdentifier>{bc8a821c-f3c5-4e42-b38d-abc9fec675f7}</UniqueIdentifier>
    </Filter>
    <Filter Include="main">
      <UniqueIdentifier>{4FC737F1-C7A5-4376-A066-2A32D752A2FF}</UniqueIdentifier>
      <Extensions>cpp;c;cc;cxx;c++;def;odl;idl;hpj;bat;asm;asmx</Extensions>
    </Filter>
  </ItemGroup>
  <ItemGroup>
    <ClCompile Include="main.cpp">
      <Filter>main</Filter>
    </ClCompile>
    <ClCompile Include="..\..\..\ServerLibrary\NabzackoLib\RingBuffer.cpp">
      <Filter>Lib</Filter>
    </ClCompile>
    <ClCompile Include="..\..\..\ServerLibrary\NabzackoLib\SerializeBuffer.cpp">
      <Filter>Lib</Filter>
    </ClCompile>
    <ClCompile Include="RoomMgr.cpp">
      <Filter>Room</Filter>
    </ClCompile>
    <ClCompile Include="UserMgr.cpp">
      <Filter>User</Filter>
    </ClCompile>
    <ClCompile Include="Packet.cpp">
      <Filter>Packet</Filter>
    </ClCompile>
    <ClCompile Include="stdafx.cpp">
      <Filter>Global</Filter>
    </ClCompile>
    <ClCompile Include="SerializeBufferProc.cpp">
      <Filter>Global</Filter>
    </ClCompile>
    <ClCompile Include="SerializeBufferPacking.cpp">
      <Filter>Global</Filter>
    </ClCompile>
    <ClCompile Include="Session.cpp">
      <Filter>Global</Filter>
    </ClCompile>
  </ItemGroup>
  <ItemGroup>
    <ClInclude Include="..\..\..\ServerLibrary\NabzackoLib\RingBuffer.h">
      <Filter>Lib</Filter>
    </ClInclude>
    <ClInclude Include="..\..\..\ServerLibrary\NabzackoLib\SerializeBuffer.h">
      <Filter>Lib</Filter>
    </ClInclude>
    <ClInclude Include="RoomMgr.h">
      <Filter>Room</Filter>
    </ClInclude>
    <ClInclude Include="UserMgr.h">
      <Filter>User</Filter>
    </ClInclude>
    <ClInclude Include="Packet.h">
      <Filter>Packet</Filter>
    </ClInclude>
    <ClInclude Include="Protocol.h">
      <Filter>Global</Filter>
    </ClInclude>
    <ClInclude Include="stdafx.h">
      <Filter>Global</Filter>
    </ClInclude>
    <ClInclude Include="SerializeBufferProc.h">
      <Filter>Global</Filter>
    </ClInclude>
    <ClInclude Include="SerializeBufferPacking.h">
      <Filter>Global</Filter>
    </ClInclude>
    <ClInclude Include="Session.h">
      <Filter>Global</Filter>
    </ClInclude>
  </ItemGroup>
</Project>