<?xml version="1.0" encoding="utf-8"?>
<Project ToolsVersion="4.0" xmlns="http://schemas.microsoft.com/developer/msbuild/2003">
  <ItemGroup>
    <Filter Include="소스 파일">
      <UniqueIdentifier>{4FC737F1-C7A5-4376-A066-2A32D752A2FF}</UniqueIdentifier>
      <Extensions>cpp;c;cc;cxx;c++;def;odl;idl;hpj;bat;asm;asmx</Extensions>
    </Filter>
    <Filter Include="헤더 파일">
      <UniqueIdentifier>{93995380-89BD-4b04-88EB-625FBE52EBFB}</UniqueIdentifier>
      <Extensions>h;hh;hpp;hxx;h++;hm;inl;inc;ipp;xsd</Extensions>
    </Filter>
    <Filter Include="리소스 파일">
      <UniqueIdentifier>{67DA6AB6-F800-4c08-8B7A-83BB121AAD01}</UniqueIdentifier>
      <Extensions>rc;ico;cur;bmp;dlg;rc2;rct;bin;rgs;gif;jpg;jpeg;jpe;resx;tiff;tif;png;wav;mfcribbon-ms</Extensions>
    </Filter>
    <Filter Include="소스 파일\Manager">
      <UniqueIdentifier>{0b1b70b7-80bf-4ac3-bbf1-b52daf805bf7}</UniqueIdentifier>
    </Filter>
    <Filter Include="소스 파일\Global">
      <UniqueIdentifier>{689780f6-8832-4488-83bc-608091d436ca}</UniqueIdentifier>
    </Filter>
    <Filter Include="소스 파일\Lib">
      <UniqueIdentifier>{e6309591-8088-4025-aed2-7043b83e8949}</UniqueIdentifier>
    </Filter>
    <Filter Include="소스 파일\Object">
      <UniqueIdentifier>{67a89510-9773-4f65-a0ac-a5d867b89007}</UniqueIdentifier>
    </Filter>
    <Filter Include="소스 파일\RenderObject">
      <UniqueIdentifier>{33ddac41-417c-4199-b5b6-b7f1a6619db3}</UniqueIdentifier>
    </Filter>
  </ItemGroup>
  <ItemGroup>
    <ClInclude Include="framework.h">
      <Filter>헤더 파일</Filter>
    </ClInclude>
    <ClInclude Include="targetver.h">
      <Filter>헤더 파일</Filter>
    </ClInclude>
    <ClInclude Include="Resource.h">
      <Filter>헤더 파일</Filter>
    </ClInclude>
    <ClInclude Include="2DGameDummy.h">
      <Filter>헤더 파일</Filter>
    </ClInclude>
    <ClInclude Include="Animation.h">
      <Filter>소스 파일\RenderObject</Filter>
    </ClInclude>
    <ClInclude Include="BaseObject.h">
      <Filter>소스 파일\Object</Filter>
    </ClInclude>
    <ClInclude Include="define.h">
      <Filter>소스 파일\Global</Filter>
    </ClInclude>
    <ClInclude Include="GameMgr.h">
      <Filter>소스 파일\Manager</Filter>
    </ClInclude>
    <ClInclude Include="FPSTimer.h">
      <Filter>소스 파일\Lib</Filter>
    </ClInclude>
    <ClInclude Include="Log.h">
      <Filter>소스 파일\Lib</Filter>
    </ClInclude>
    <ClInclude Include="MemoryAllocMgr.h">
      <Filter>소스 파일\Lib</Filter>
    </ClInclude>
    <ClInclude Include="MessagePacking.h">
      <Filter>소스 파일\Global</Filter>
    </ClInclude>
    <ClInclude Include="NetworkMgr.h">
      <Filter>소스 파일\Manager</Filter>
    </ClInclude>
    <ClInclude Include="ObjectMgr.h">
      <Filter>소스 파일\Manager</Filter>
    </ClInclude>
    <ClInclude Include="stdafx.h">
      <Filter>소스 파일\Global</Filter>
    </ClInclude>
    <ClInclude Include="Singleton.h">
      <Filter>소스 파일\Global</Filter>
    </ClInclude>
    <ClInclude Include="PacketStruct.h">
      <Filter>소스 파일\Global</Filter>
    </ClInclude>
    <ClInclude Include="PacketProc.h">
      <Filter>소스 파일\Global</Filter>
    </ClInclude>
    <ClInclude Include="PacketDefine.h">
      <Filter>소스 파일\Global</Filter>
    </ClInclude>
    <ClInclude Include="RingBuffer.h">
      <Filter>소스 파일\Lib</Filter>
    </ClInclude>
    <ClInclude Include="Queue.h">
      <Filter>소스 파일\Lib</Filter>
    </ClInclude>
    <ClInclude Include="List.h">
      <Filter>소스 파일\Lib</Filter>
    </ClInclude>
    <ClInclude Include="PlayerObject.h">
      <Filter>소스 파일\Object</Filter>
    </ClInclude>
    <ClInclude Include="Parser.h">
      <Filter>소스 파일\Lib</Filter>
    </ClInclude>
  </ItemGroup>
  <ItemGroup>
    <ClCompile Include="2DGameDummy.cpp">
      <Filter>소스 파일</Filter>
    </ClCompile>
    <ClCompile Include="Animation.cpp">
      <Filter>소스 파일\RenderObject</Filter>
    </ClCompile>
    <ClCompile Include="GameMgr.cpp">
      <Filter>소스 파일\Manager</Filter>
    </ClCompile>
    <ClCompile Include="FPSTimer.cpp">
      <Filter>소스 파일\Lib</Filter>
    </ClCompile>
    <ClCompile Include="Log.cpp">
      <Filter>소스 파일\Lib</Filter>
    </ClCompile>
    <ClCompile Include="MemoryAllocMgr.cpp">
      <Filter>소스 파일\Lib</Filter>
    </ClCompile>
    <ClCompile Include="MessagePacking.cpp">
      <Filter>소스 파일\Global</Filter>
    </ClCompile>
    <ClCompile Include="NetworkMgr.cpp">
      <Filter>소스 파일\Manager</Filter>
    </ClCompile>
    <ClCompile Include="ObjectMgr.cpp">
      <Filter>소스 파일\Manager</Filter>
    </ClCompile>
    <ClCompile Include="stdafx.cpp">
      <Filter>소스 파일\Global</Filter>
    </ClCompile>
    <ClCompile Include="PacketProc.cpp">
      <Filter>소스 파일\Global</Filter>
    </ClCompile>
    <ClCompile Include="RingBuffer.cpp">
      <Filter>소스 파일\Lib</Filter>
    </ClCompile>
    <ClCompile Include="PlayerObject.cpp">
      <Filter>소스 파일\Object</Filter>
    </ClCompile>
    <ClCompile Include="Parser.cpp">
      <Filter>소스 파일\Lib</Filter>
    </ClCompile>
  </ItemGroup>
  <ItemGroup>
    <ResourceCompile Include="2DGameDummy.rc">
      <Filter>리소스 파일</Filter>
    </ResourceCompile>
  </ItemGroup>
  <ItemGroup>
    <Image Include="small.ico">
      <Filter>리소스 파일</Filter>
    </Image>
    <Image Include="2DGameDummy.ico">
      <Filter>리소스 파일</Filter>
    </Image>
  </ItemGroup>
</Project>