<?xml version="1.0" encoding="utf-8"?>
<Project ToolsVersion="4.0" xmlns="http://schemas.microsoft.com/developer/msbuild/2003">
  <ItemGroup>
    <Filter Include="Server">
      <UniqueIdentifier>{20f3b606-7bd4-47d9-a41b-f0c3d8e2a46f}</UniqueIdentifier>
    </Filter>
    <Filter Include="Server\Global">
      <UniqueIdentifier>{dd8db2f2-be73-4948-bbe7-01bfe86c14d6}</UniqueIdentifier>
    </Filter>
    <Filter Include="Server\Lib">
      <UniqueIdentifier>{99339ede-e31b-4d2d-a877-e5708a7ed422}</UniqueIdentifier>
    </Filter>
  </ItemGroup>
  <ItemGroup>
    <ClCompile Include="stdafx.cpp">
      <Filter>Server\Global</Filter>
    </ClCompile>
    <ClCompile Include="main.cpp">
      <Filter>Server</Filter>
    </ClCompile>
    <ClCompile Include="..\..\..\..\Library\NabzackoLib\SerializeBuffer.cpp">
      <Filter>Server\Lib</Filter>
    </ClCompile>
    <ClCompile Include="..\..\..\..\Library\NabzackoLib\RingBuffer.cpp">
      <Filter>Server\Lib</Filter>
    </ClCompile>
    <ClCompile Include="MakePacket.cpp">
      <Filter>Server\Global</Filter>
    </ClCompile>
    <ClCompile Include="..\..\..\..\Library\NabzackoLib\FPSTimer.cpp">
      <Filter>Server\Lib</Filter>
    </ClCompile>
  </ItemGroup>
  <ItemGroup>
    <ClInclude Include="stdafx.h">
      <Filter>Server\Global</Filter>
    </ClInclude>
    <ClInclude Include="Protocol.h">
      <Filter>Server\Global</Filter>
    </ClInclude>
    <ClInclude Include="..\..\..\..\Library\NabzackoLib\RingBuffer.h">
      <Filter>Server\Lib</Filter>
    </ClInclude>
    <ClInclude Include="..\..\..\..\Library\NabzackoLib\SerializeBuffer.h">
      <Filter>Server\Lib</Filter>
    </ClInclude>
    <ClInclude Include="MakePacket.h">
      <Filter>Server\Global</Filter>
    </ClInclude>
    <ClInclude Include="defines.h">
      <Filter>Server\Global</Filter>
    </ClInclude>
    <ClInclude Include="..\..\..\..\Library\NabzackoLib\Singleton.h">
      <Filter>Server\Lib</Filter>
    </ClInclude>
    <ClInclude Include="..\..\..\..\Library\NabzackoLib\FPSTimer.h">
      <Filter>Server\Lib</Filter>
    </ClInclude>
  </ItemGroup>
</Project>